<?xml version="1.0" encoding="utf-8"?>
<Project ToolsVersion="4.0" xmlns="http://schemas.microsoft.com/developer/msbuild/2003">
  <ItemGroup>
    <Filter Include="Source Files">
      <UniqueIdentifier>{4FC737F1-C7A5-4376-A066-2A32D752A2FF}</UniqueIdentifier>
      <Extensions>cpp;c;cc;cxx;c++;cppm;ixx;def;odl;idl;hpj;bat;asm;asmx</Extensions>
    </Filter>
    <Filter Include="Header Files">
      <UniqueIdentifier>{93995380-89BD-4b04-88EB-625FBE52EBFB}</UniqueIdentifier>
      <Extensions>h;hh;hpp;hxx;h++;hm;inl;inc;ipp;xsd</Extensions>
    </Filter>
    <Filter Include="Resource Files">
      <UniqueIdentifier>{67DA6AB6-F800-4c08-8B7A-83BB121AAD01}</UniqueIdentifier>
      <Extensions>rc;ico;cur;bmp;dlg;rc2;rct;bin;rgs;gif;jpg;jpeg;jpe;resx;tiff;tif;png;wav;mfcribbon-ms</Extensions>
    </Filter>
    <Filter Include="Source Files\Shaders">
      <UniqueIdentifier>{e645f245-5fab-4dd4-b430-047f1a28f456}</UniqueIdentifier>
    </Filter>
    <Filter Include="Source Files\Components">
      <UniqueIdentifier>{a6179bdb-44c9-4876-a9b5-d76c501d5f8c}</UniqueIdentifier>
    </Filter>
    <Filter Include="Source Files\Managers">
      <UniqueIdentifier>{0b9f6871-c2c2-4781-9d51-50ca93e3df10}</UniqueIdentifier>
    </Filter>
    <Filter Include="Source Files\Math">
      <UniqueIdentifier>{45f23a1f-c826-47f9-a690-8b43f2234423}</UniqueIdentifier>
    </Filter>
    <Filter Include="Source Files\External">
      <UniqueIdentifier>{38b5ea41-d9cb-47dd-9c40-8b930943c82e}</UniqueIdentifier>
    </Filter>
    <Filter Include="Source Files\External\IMGUI">
      <UniqueIdentifier>{20262ded-bffe-4bec-ad8f-0a50774f03a0}</UniqueIdentifier>
    </Filter>
    <Filter Include="Source Files\Rendering">
      <UniqueIdentifier>{829758be-dbfd-4617-8e98-b1a1f9728f79}</UniqueIdentifier>
    </Filter>
    <Filter Include="Source Files\External\DDSTextureLoader">
      <UniqueIdentifier>{31ee2487-8807-4d78-baf3-7aab03d79b7d}</UniqueIdentifier>
    </Filter>
    <Filter Include="Source Files\Wrappers">
      <UniqueIdentifier>{31448a53-795d-4a08-90b3-f7c1f1d3af13}</UniqueIdentifier>
    </Filter>
    <Filter Include="Source Files\Utils">
      <UniqueIdentifier>{50820a0d-acbf-4ea8-a331-055007c83f92}</UniqueIdentifier>
    </Filter>
    <Filter Include="Source Files\External\Sol2">
      <UniqueIdentifier>{f0404520-0538-48fe-b117-6a371bc825b2}</UniqueIdentifier>
    </Filter>
    <Filter Include="Source Files\Rendering\PostProcessing">
      <UniqueIdentifier>{1064ca57-083f-475d-acc4-15d9b03d10b7}</UniqueIdentifier>
    </Filter>
    <Filter Include="Source Files\External\Recast">
      <UniqueIdentifier>{42130aa3-6240-4b48-921e-ffb3fdf984ea}</UniqueIdentifier>
    </Filter>
  </ItemGroup>
  <ItemGroup>
    <ClCompile Include="src\IMGUI\imgui_tables.cpp">
      <Filter>Source Files\External\IMGUI</Filter>
    </ClCompile>
    <ClCompile Include="src\IMGUI\imgui_widgets.cpp">
      <Filter>Source Files\External\IMGUI</Filter>
    </ClCompile>
    <ClCompile Include="src\IMGUI\imgui.cpp">
      <Filter>Source Files\External\IMGUI</Filter>
    </ClCompile>
    <ClCompile Include="src\IMGUI\imgui_demo.cpp">
      <Filter>Source Files\External\IMGUI</Filter>
    </ClCompile>
    <ClCompile Include="src\IMGUI\imgui_draw.cpp">
      <Filter>Source Files\External\IMGUI</Filter>
    </ClCompile>
    <ClCompile Include="src\IMGUI\ImGuizmo.cpp">
      <Filter>Source Files\External\IMGUI</Filter>
    </ClCompile>
    <ClCompile Include="MeshComponent.cpp">
      <Filter>Source Files\Components</Filter>
    </ClCompile>
    <ClCompile Include="Component.cpp">
      <Filter>Source Files\Components</Filter>
    </ClCompile>
    <ClCompile Include="ObjectManager.cpp">
      <Filter>Source Files\Managers</Filter>
    </ClCompile>
    <ClCompile Include="PhysXManager.cpp">
      <Filter>Source Files\Managers</Filter>
    </ClCompile>
    <ClCompile Include="Vector3.cpp">
      <Filter>Source Files\Math</Filter>
    </ClCompile>
    <ClCompile Include="Vector2.cpp">
      <Filter>Source Files\Math</Filter>
    </ClCompile>
    <ClCompile Include="Triangle.cpp">
      <Filter>Source Files\Math</Filter>
    </ClCompile>
    <ClCompile Include="Matrix.cpp">
      <Filter>Source Files\Math</Filter>
    </ClCompile>
    <ClCompile Include="GameObject.cpp">
      <Filter>Source Files</Filter>
    </ClCompile>
    <ClCompile Include="LightComponent.cpp">
      <Filter>Source Files\Components</Filter>
    </ClCompile>
    <ClCompile Include="ParticleComponent.cpp">
      <Filter>Source Files\Components</Filter>
    </ClCompile>
    <ClCompile Include="DeviceResources.cpp">
      <Filter>Source Files\Rendering</Filter>
    </ClCompile>
    <ClCompile Include="RenderManager.cpp">
      <Filter>Source Files\Managers</Filter>
    </ClCompile>
    <ClCompile Include="src\IMGUI\imgui_impl_dx11.cpp">
      <Filter>Source Files\External\IMGUI</Filter>
    </ClCompile>
    <ClCompile Include="src\IMGUI\imgui_impl_win32.cpp">
      <Filter>Source Files\External\IMGUI</Filter>
    </ClCompile>
    <ClCompile Include="InputManager.cpp">
      <Filter>Source Files\Managers</Filter>
    </ClCompile>
    <ClCompile Include="src\External\DDSTextureLoader\DDSTextureLoader11.cpp">
      <Filter>Source Files\External\DDSTextureLoader</Filter>
    </ClCompile>
    <ClCompile Include="iRender.cpp">
      <Filter>Source Files\Wrappers</Filter>
    </ClCompile>
    <ClCompile Include="IOManager.cpp">
      <Filter>Source Files</Filter>
    </ClCompile>
    <ClCompile Include="pch.cpp">
      <Filter>Source Files</Filter>
    </ClCompile>
    <ClCompile Include="ComponentFactory.cpp">
      <Filter>Source Files</Filter>
    </ClCompile>
    <ClCompile Include="StringUtils.cpp">
      <Filter>Source Files\Utils</Filter>
    </ClCompile>
    <ClCompile Include="ShadowManager.cpp">
      <Filter>Source Files\Managers</Filter>
    </ClCompile>
    <ClCompile Include="DefaultAssets.cpp">
      <Filter>Source Files</Filter>
    </ClCompile>
    <ClCompile Include="TerrainComponent.cpp">
      <Filter>Source Files\Components</Filter>
    </ClCompile>
    <ClCompile Include="Logger.cpp">
      <Filter>Source Files</Filter>
    </ClCompile>
    <ClCompile Include="RigidbodyComponent.cpp">
      <Filter>Source Files\Components</Filter>
    </ClCompile>
    <ClCompile Include="Scene.cpp">
      <Filter>Source Files</Filter>
    </ClCompile>
    <ClCompile Include="iPhysics.cpp">
      <Filter>Source Files\Wrappers</Filter>
    </ClCompile>
    <ClCompile Include="TimeManager.cpp">
      <Filter>Source Files\Managers</Filter>
    </ClCompile>
    <ClCompile Include="SimulationStateManager.cpp">
      <Filter>Source Files\Managers</Filter>
    </ClCompile>
    <ClCompile Include="ProjectBrowserManager.cpp">
      <Filter>Source Files\Managers</Filter>
    </ClCompile>
    <ClCompile Include="PhysicsShapeComponent.cpp">
      <Filter>Source Files\Components</Filter>
    </ClCompile>
    <ClCompile Include="SceneManager.cpp">
      <Filter>Source Files\Managers</Filter>
    </ClCompile>
    <ClCompile Include="SkyboxManager.cpp">
      <Filter>Source Files\Managers</Filter>
    </ClCompile>
    <ClCompile Include="Texture.cpp">
      <Filter>Source Files\Rendering</Filter>
    </ClCompile>
    <ClCompile Include="Mesh.cpp">
      <Filter>Source Files\Rendering</Filter>
    </ClCompile>
    <ClCompile Include="DxMathUtils.cpp">
      <Filter>Source Files\Utils</Filter>
    </ClCompile>
    <ClCompile Include="SpectralAssert.cpp">
      <Filter>Source Files</Filter>
    </ClCompile>
    <ClCompile Include="CameraComponent.cpp">
      <Filter>Source Files\Components</Filter>
    </ClCompile>
    <ClCompile Include="Script.cpp">
      <Filter>Source Files</Filter>
    </ClCompile>
    <ClCompile Include="ScriptComponent.cpp">
      <Filter>Source Files\Components</Filter>
    </ClCompile>
    <ClCompile Include="ScriptManager.cpp">
      <Filter>Source Files\Managers</Filter>
    </ClCompile>
    <ClCompile Include="CharacterControllerComponent.cpp">
      <Filter>Source Files\Components</Filter>
    </ClCompile>
    <ClCompile Include="iInput.cpp">
      <Filter>Source Files\Wrappers</Filter>
    </ClCompile>
    <ClCompile Include="PostProcessing.cpp">
      <Filter>Source Files\Rendering\PostProcessing</Filter>
    </ClCompile>
    <ClCompile Include="FXAA.cpp">
      <Filter>Source Files\Rendering\PostProcessing</Filter>
    </ClCompile>
    <ClCompile Include="SSAO.cpp">
      <Filter>Source Files\Rendering\PostProcessing</Filter>
    </ClCompile>
    <ClCompile Include="DeferredPipeline.cpp">
      <Filter>Source Files\Rendering</Filter>
    </ClCompile>
    <ClCompile Include="Intersection.cpp">
      <Filter>Source Files\Math</Filter>
    </ClCompile>
    <ClCompile Include="PbrRender.cpp">
      <Filter>Source Files\Rendering</Filter>
    </ClCompile>
    <ClCompile Include="LineRenderer.cpp">
      <Filter>Source Files\Rendering</Filter>
    </ClCompile>
    <ClCompile Include="GuizmoRenderer.cpp">
      <Filter>Source Files\Rendering</Filter>
    </ClCompile>
    <ClCompile Include="WindowsManager.cpp">
      <Filter>Source Files\Managers</Filter>
    </ClCompile>
    <ClCompile Include="InstanceManager.cpp">
      <Filter>Source Files\Managers</Filter>
    </ClCompile>
    <ClCompile Include="ConstantBuffer.cpp">
      <Filter>Source Files\Rendering</Filter>
    </ClCompile>
    <ClCompile Include="GuiManager.cpp">
      <Filter>Source Files\Rendering</Filter>
    </ClCompile>
    <ClCompile Include="Material.cpp">
      <Filter>Source Files\Rendering</Filter>
    </ClCompile>
    <ClCompile Include="Vector4.cpp">
      <Filter>Source Files\Math</Filter>
    </ClCompile>
    <ClCompile Include="MathFunctions.cpp">
      <Filter>Source Files\Math</Filter>
    </ClCompile>
    <ClCompile Include="OrthographicCamera.cpp">
      <Filter>Source Files\Rendering</Filter>
    </ClCompile>
    <ClCompile Include="Camera.cpp">
      <Filter>Source Files\Rendering</Filter>
    </ClCompile>
    <ClCompile Include="PerspectiveCamera.cpp">
      <Filter>Source Files\Rendering</Filter>
    </ClCompile>
    <ClCompile Include="JointComponent.cpp">
      <Filter>Source Files\Components</Filter>
    </ClCompile>
    <ClCompile Include="Json.cpp">
      <Filter>Source Files</Filter>
    </ClCompile>
    <ClCompile Include="AudioManager.cpp">
      <Filter>Source Files\Managers</Filter>
    </ClCompile>
    <ClCompile Include="AudioSourceComponent.cpp">
      <Filter>Source Files\Components</Filter>
    </ClCompile>
    <ClCompile Include="AudioSource.cpp">
      <Filter>Source Files</Filter>
    </ClCompile>
    <ClCompile Include="src\External\Recast\Source\RecastRasterization.cpp">
      <Filter>Source Files\External\Recast</Filter>
    </ClCompile>
    <ClCompile Include="src\External\Recast\Source\RecastRegion.cpp">
      <Filter>Source Files\External\Recast</Filter>
    </ClCompile>
    <ClCompile Include="src\External\Recast\Source\Recast.cpp">
      <Filter>Source Files\External\Recast</Filter>
    </ClCompile>
    <ClCompile Include="src\External\Recast\Source\RecastAlloc.cpp">
      <Filter>Source Files\External\Recast</Filter>
    </ClCompile>
    <ClCompile Include="src\External\Recast\Source\RecastArea.cpp">
      <Filter>Source Files\External\Recast</Filter>
    </ClCompile>
    <ClCompile Include="src\External\Recast\Source\RecastAssert.cpp">
      <Filter>Source Files\External\Recast</Filter>
    </ClCompile>
    <ClCompile Include="src\External\Recast\Source\RecastContour.cpp">
      <Filter>Source Files\External\Recast</Filter>
    </ClCompile>
    <ClCompile Include="src\External\Recast\Source\RecastFilter.cpp">
      <Filter>Source Files\External\Recast</Filter>
    </ClCompile>
    <ClCompile Include="src\External\Recast\Source\RecastLayers.cpp">
      <Filter>Source Files\External\Recast</Filter>
    </ClCompile>
    <ClCompile Include="src\External\Recast\Source\RecastMesh.cpp">
      <Filter>Source Files\External\Recast</Filter>
    </ClCompile>
    <ClCompile Include="src\External\Recast\Source\RecastMeshDetail.cpp">
      <Filter>Source Files\External\Recast</Filter>
    </ClCompile>
    <ClCompile Include="ResourceManager.cpp">
      <Filter>Source Files</Filter>
    </ClCompile>
    <ClCompile Include="NavigationManager.cpp">
      <Filter>Source Files\Managers</Filter>
    </ClCompile>
    <ClCompile Include="src\External\Recast\Source\DetourNavMeshQuery.cpp">
      <Filter>Source Files\External\Recast</Filter>
    </ClCompile>
    <ClCompile Include="src\External\Recast\Source\DetourNode.cpp">
      <Filter>Source Files\External\Recast</Filter>
    </ClCompile>
    <ClCompile Include="src\External\Recast\Source\DetourAlloc.cpp">
      <Filter>Source Files\External\Recast</Filter>
    </ClCompile>
    <ClCompile Include="src\External\Recast\Source\DetourAssert.cpp">
      <Filter>Source Files\External\Recast</Filter>
    </ClCompile>
    <ClCompile Include="src\External\Recast\Source\DetourCommon.cpp">
      <Filter>Source Files\External\Recast</Filter>
    </ClCompile>
    <ClCompile Include="src\External\Recast\Source\DetourNavMesh.cpp">
      <Filter>Source Files\External\Recast</Filter>
    </ClCompile>
    <ClCompile Include="src\External\Recast\Source\DetourNavMeshBuilder.cpp">
      <Filter>Source Files\External\Recast</Filter>
    </ClCompile>
    <ClCompile Include="NavmeshActorComponent.cpp">
      <Filter>Source Files\Components</Filter>
    </ClCompile>
    <ClCompile Include="src\External\Recast\Source\DetourPathQueue.cpp">
      <Filter>Source Files\External\Recast</Filter>
    </ClCompile>
    <ClCompile Include="src\External\Recast\Source\DetourProximityGrid.cpp">
      <Filter>Source Files\External\Recast</Filter>
    </ClCompile>
    <ClCompile Include="src\External\Recast\Source\DetourCrowd.cpp">
      <Filter>Source Files\External\Recast</Filter>
    </ClCompile>
    <ClCompile Include="src\External\Recast\Source\DetourLocalBoundary.cpp">
      <Filter>Source Files\External\Recast</Filter>
    </ClCompile>
    <ClCompile Include="src\External\Recast\Source\DetourObstacleAvoidance.cpp">
      <Filter>Source Files\External\Recast</Filter>
    </ClCompile>
    <ClCompile Include="src\External\Recast\Source\DetourPathCorridor.cpp">
      <Filter>Source Files\External\Recast</Filter>
    </ClCompile>
  </ItemGroup>
  <ItemGroup>
    <ClInclude Include="Vector3.h">
      <Filter>Header Files</Filter>
    </ClInclude>
    <ClInclude Include="Camera.h">
      <Filter>Header Files</Filter>
    </ClInclude>
    <ClInclude Include="Mesh.h">
      <Filter>Header Files</Filter>
    </ClInclude>
    <ClInclude Include="Triangle.h">
      <Filter>Header Files</Filter>
    </ClInclude>
    <ClInclude Include="Matrix.h">
      <Filter>Header Files</Filter>
    </ClInclude>
    <ClInclude Include="Vector2.h">
      <Filter>Header Files</Filter>
    </ClInclude>
    <ClInclude Include="GameObject.h">
      <Filter>Header Files</Filter>
    </ClInclude>
    <ClInclude Include="ObjectManager.h">
      <Filter>Header Files</Filter>
    </ClInclude>
    <ClInclude Include="PhysXManager.h">
      <Filter>Header Files</Filter>
    </ClInclude>
    <ClInclude Include="src\IMGUI\imgui_internal.h">
      <Filter>Source Files\External\IMGUI</Filter>
    </ClInclude>
    <ClInclude Include="src\IMGUI\imstb_rectpack.h">
      <Filter>Source Files\External\IMGUI</Filter>
    </ClInclude>
    <ClInclude Include="src\IMGUI\imstb_textedit.h">
      <Filter>Source Files\External\IMGUI</Filter>
    </ClInclude>
    <ClInclude Include="src\IMGUI\imstb_truetype.h">
      <Filter>Source Files\External\IMGUI</Filter>
    </ClInclude>
    <ClInclude Include="src\IMGUI\imconfig.h">
      <Filter>Source Files\External\IMGUI</Filter>
    </ClInclude>
    <ClInclude Include="src\IMGUI\imgui.h">
      <Filter>Source Files\External\IMGUI</Filter>
    </ClInclude>
    <ClInclude Include="src\IMGUI\ImGuizmo.h">
      <Filter>Source Files\External\IMGUI</Filter>
    </ClInclude>
    <ClInclude Include="Texture.h">
      <Filter>Header Files</Filter>
    </ClInclude>
    <ClInclude Include="Component.h">
      <Filter>Header Files</Filter>
    </ClInclude>
    <ClInclude Include="MeshComponent.h">
      <Filter>Header Files</Filter>
    </ClInclude>
    <ClInclude Include="LightComponent.h">
      <Filter>Header Files</Filter>
    </ClInclude>
    <ClInclude Include="PhysicsComponent.h">
      <Filter>Header Files</Filter>
    </ClInclude>
    <ClInclude Include="ParticleComponent.h">
      <Filter>Header Files</Filter>
    </ClInclude>
    <ClInclude Include="RenderManager.h">
      <Filter>Header Files</Filter>
    </ClInclude>
    <ClInclude Include="DeviceResources.h">
      <Filter>Header Files</Filter>
    </ClInclude>
    <ClInclude Include="src\IMGUI\imgui_impl_win32.h">
      <Filter>Source Files\External\IMGUI</Filter>
    </ClInclude>
    <ClInclude Include="src\IMGUI\imgui_impl_dx11.h">
      <Filter>Source Files\External\IMGUI</Filter>
    </ClInclude>
    <ClInclude Include="InputManager.h">
      <Filter>Header Files</Filter>
    </ClInclude>
    <ClInclude Include="src\External\DDSTextureLoader\DDSTextureLoader11.h">
      <Filter>Source Files\External\DDSTextureLoader</Filter>
    </ClInclude>
    <ClInclude Include="Material.h">
      <Filter>Header Files</Filter>
    </ClInclude>
    <ClInclude Include="src\External\stb_image.h">
      <Filter>Source Files\External</Filter>
    </ClInclude>
    <ClInclude Include="Logger.h">
      <Filter>Header Files</Filter>
    </ClInclude>
    <ClInclude Include="iRender.h">
      <Filter>Header Files</Filter>
    </ClInclude>
    <ClInclude Include="IOManager.h">
      <Filter>Header Files</Filter>
    </ClInclude>
    <ClInclude Include="pch.h">
      <Filter>Header Files</Filter>
    </ClInclude>
    <ClInclude Include="ComponentFactory.h">
      <Filter>Header Files</Filter>
    </ClInclude>
    <ClInclude Include="StringUtils.h">
      <Filter>Header Files</Filter>
    </ClInclude>
    <ClInclude Include="ShadowManager.h">
      <Filter>Header Files</Filter>
    </ClInclude>
    <ClInclude Include="src\External\stb_image_resize.h">
      <Filter>Source Files\External</Filter>
    </ClInclude>
    <ClInclude Include="ProfileObject.h">
      <Filter>Header Files</Filter>
    </ClInclude>
    <ClInclude Include="DefaultAssets.h">
      <Filter>Header Files</Filter>
    </ClInclude>
    <ClInclude Include="SkyboxManager.h">
      <Filter>Header Files</Filter>
    </ClInclude>
    <ClInclude Include="ProjectBrowserManager.h">
      <Filter>Header Files</Filter>
    </ClInclude>
    <ClInclude Include="LoadableResource.h">
      <Filter>Header Files</Filter>
    </ClInclude>
    <ClInclude Include="TerrainComponent.h">
      <Filter>Header Files</Filter>
    </ClInclude>
    <ClInclude Include="RigidbodyComponent.h">
      <Filter>Header Files</Filter>
    </ClInclude>
    <ClInclude Include="PhysicsShapeComponent.h">
      <Filter>Header Files</Filter>
    </ClInclude>
    <ClInclude Include="Scene.h">
      <Filter>Header Files</Filter>
    </ClInclude>
    <ClInclude Include="iPhysics.h">
      <Filter>Header Files</Filter>
    </ClInclude>
    <ClInclude Include="TimeManager.h">
      <Filter>Header Files</Filter>
    </ClInclude>
    <ClInclude Include="SimulationStateManager.h">
      <Filter>Header Files</Filter>
    </ClInclude>
    <ClInclude Include="SceneManager.h">
      <Filter>Header Files</Filter>
    </ClInclude>
    <ClInclude Include="Intersection.h">
      <Filter>Header Files</Filter>
    </ClInclude>
    <ClInclude Include="DxMathUtils.h">
      <Filter>Header Files</Filter>
    </ClInclude>
    <ClInclude Include="SpectralAssert.h">
      <Filter>Header Files</Filter>
    </ClInclude>
    <ClInclude Include="PostProcessing.h">
      <Filter>Header Files</Filter>
    </ClInclude>
    <ClInclude Include="FXAA.h">
      <Filter>Header Files</Filter>
    </ClInclude>
    <ClInclude Include="CameraComponent.h">
      <Filter>Header Files</Filter>
    </ClInclude>
    <ClInclude Include="src\External\Sol2\config.hpp">
      <Filter>Source Files\External\Sol2</Filter>
    </ClInclude>
    <ClInclude Include="src\External\Sol2\forward.hpp">
      <Filter>Source Files\External\Sol2</Filter>
    </ClInclude>
    <ClInclude Include="src\External\Sol2\sol.hpp">
      <Filter>Source Files\External\Sol2</Filter>
    </ClInclude>
    <ClInclude Include="ScriptComponent.h">
      <Filter>Header Files</Filter>
    </ClInclude>
    <ClInclude Include="Script.h">
      <Filter>Header Files</Filter>
    </ClInclude>
    <ClInclude Include="ScriptManager.h">
      <Filter>Header Files</Filter>
    </ClInclude>
    <ClInclude Include="CharacterControllerComponent.h">
      <Filter>Header Files</Filter>
    </ClInclude>
    <ClInclude Include="iInput.h">
      <Filter>Header Files</Filter>
    </ClInclude>
    <ClInclude Include="InputIds.h">
      <Filter>Header Files</Filter>
    </ClInclude>
    <ClInclude Include="GuiManager.h">
      <Filter>Header Files</Filter>
    </ClInclude>
    <ClInclude Include="SSAO.h">
      <Filter>Header Files</Filter>
    </ClInclude>
    <ClInclude Include="DeferredPipeline.h">
      <Filter>Header Files</Filter>
    </ClInclude>
    <ClInclude Include="PbrRender.h">
      <Filter>Header Files</Filter>
    </ClInclude>
    <ClInclude Include="LineRenderer.h">
      <Filter>Header Files</Filter>
    </ClInclude>
    <ClInclude Include="GuizmoRenderer.h">
      <Filter>Header Files</Filter>
    </ClInclude>
    <ClInclude Include="WindowsManager.h">
      <Filter>Header Files</Filter>
    </ClInclude>
    <ClInclude Include="InstanceManager.h">
      <Filter>Header Files</Filter>
    </ClInclude>
    <ClInclude Include="ConstantBuffer.h">
      <Filter>Header Files</Filter>
    </ClInclude>
    <ClInclude Include="Vector4.h">
      <Filter>Header Files</Filter>
    </ClInclude>
    <ClInclude Include="MathFunctions.h">
      <Filter>Header Files</Filter>
    </ClInclude>
    <ClInclude Include="PerspectiveCamera.h">
      <Filter>Header Files</Filter>
    </ClInclude>
    <ClInclude Include="OrthographicCamera.h">
      <Filter>Header Files</Filter>
    </ClInclude>
    <ClInclude Include="JointComponent.h">
      <Filter>Header Files</Filter>
    </ClInclude>
    <ClInclude Include="Json.h">
      <Filter>Header Files</Filter>
    </ClInclude>
    <ClInclude Include="AudioManager.h">
      <Filter>Header Files</Filter>
    </ClInclude>
    <ClInclude Include="AudioFile.h">
      <Filter>Source Files\External</Filter>
    </ClInclude>
    <ClInclude Include="AudioSourceComponent.h">
      <Filter>Header Files</Filter>
    </ClInclude>
    <ClInclude Include="AudioSource.h">
      <Filter>Header Files</Filter>
    </ClInclude>
    <ClInclude Include="src\External\Recast\Include\RecastAssert.h">
      <Filter>Header Files</Filter>
    </ClInclude>
    <ClInclude Include="src\External\Recast\Include\Recast.h">
      <Filter>Header Files</Filter>
    </ClInclude>
    <ClInclude Include="src\External\Recast\Include\RecastAlloc.h">
      <Filter>Header Files</Filter>
    </ClInclude>
    <ClInclude Include="ResourceManager.h">
      <Filter>Header Files</Filter>
    </ClInclude>
    <ClInclude Include="resource.h">
      <Filter>Header Files</Filter>
    </ClInclude>
    <ClInclude Include="NavigationManager.h">
      <Filter>Header Files</Filter>
    </ClInclude>
    <ClInclude Include="src\External\Recast\Include\DetourNavMeshQuery.h">
      <Filter>Header Files</Filter>
    </ClInclude>
    <ClInclude Include="src\External\Recast\Include\DetourNode.h">
      <Filter>Header Files</Filter>
    </ClInclude>
    <ClInclude Include="src\External\Recast\Include\DetourStatus.h">
      <Filter>Header Files</Filter>
    </ClInclude>
    <ClInclude Include="src\External\Recast\Include\DetourAlloc.h">
      <Filter>Header Files</Filter>
    </ClInclude>
    <ClInclude Include="src\External\Recast\Include\DetourAssert.h">
      <Filter>Header Files</Filter>
    </ClInclude>
    <ClInclude Include="src\External\Recast\Include\DetourCommon.h">
      <Filter>Header Files</Filter>
    </ClInclude>
    <ClInclude Include="src\External\Recast\Include\DetourMath.h">
      <Filter>Header Files</Filter>
    </ClInclude>
    <ClInclude Include="src\External\Recast\Include\DetourNavMesh.h">
      <Filter>Header Files</Filter>
    </ClInclude>
    <ClInclude Include="src\External\Recast\Include\DetourNavMeshBuilder.h">
      <Filter>Header Files</Filter>
    </ClInclude>
    <ClInclude Include="resource1.h">
      <Filter>Header Files</Filter>
    </ClInclude>
    <ClInclude Include="NavmeshActorComponent.h">
      <Filter>Header Files</Filter>
    </ClInclude>
    <ClInclude Include="src\External\Recast\Include\DetourPathQueue.h">
      <Filter>Header Files</Filter>
    </ClInclude>
    <ClInclude Include="src\External\Recast\Include\DetourProximityGrid.h">
      <Filter>Header Files</Filter>
    </ClInclude>
    <ClInclude Include="src\External\Recast\Include\DetourCrowd.h">
      <Filter>Header Files</Filter>
    </ClInclude>
    <ClInclude Include="src\External\Recast\Include\DetourLocalBoundary.h">
      <Filter>Header Files</Filter>
    </ClInclude>
    <ClInclude Include="src\External\Recast\Include\DetourObstacleAvoidance.h">
      <Filter>Header Files</Filter>
    </ClInclude>
    <ClInclude Include="src\External\Recast\Include\DetourPathCorridor.h">
      <Filter>Header Files</Filter>
    </ClInclude>
  </ItemGroup>
  <ItemGroup>
    <None Include="cpp.hint" />
  </ItemGroup>
  <ItemGroup>
    <FxCompile Include="Line_VS.hlsl">
      <Filter>Source Files\Shaders</Filter>
    </FxCompile>
    <FxCompile Include="Line_PS.hlsl">
      <Filter>Source Files\Shaders</Filter>
    </FxCompile>
    <FxCompile Include="ShadowDepth_VS.hlsl">
      <Filter>Source Files\Shaders</Filter>
    </FxCompile>
    <FxCompile Include="PureWhite_PS.hlsl">
      <Filter>Source Files\Shaders</Filter>
    </FxCompile>
    <FxCompile Include="Billboard_VS.hlsl">
      <Filter>Source Files\Shaders</Filter>
    </FxCompile>
    <FxCompile Include="Guizmo_VS.hlsl">
      <Filter>Source Files\Shaders</Filter>
    </FxCompile>
    <FxCompile Include="Guizmo_PS.hlsl">
      <Filter>Source Files\Shaders</Filter>
    </FxCompile>
    <FxCompile Include="Skybox_PS.hlsl">
      <Filter>Source Files\Shaders</Filter>
    </FxCompile>
    <FxCompile Include="Skybox_VS.hlsl">
      <Filter>Source Files\Shaders</Filter>
    </FxCompile>
    <FxCompile Include="Fullscreen_VS.hlsl">
      <Filter>Source Files\Shaders</Filter>
    </FxCompile>
    <FxCompile Include="FXAA_PS.hlsl">
      <Filter>Source Files\Shaders</Filter>
    </FxCompile>
    <FxCompile Include="SSAO_PS.hlsl">
      <Filter>Source Files\Shaders</Filter>
    </FxCompile>
    <FxCompile Include="GBuffer_PS.hlsl">
      <Filter>Source Files\Shaders</Filter>
    </FxCompile>
    <FxCompile Include="GBuffer_VS.hlsl">
      <Filter>Source Files\Shaders</Filter>
    </FxCompile>
    <FxCompile Include="PBR_PS.hlsl">
      <Filter>Source Files\Shaders</Filter>
    </FxCompile>
    <FxCompile Include="SkyboxIrradiance_PS.hlsl">
      <Filter>Source Files\Shaders</Filter>
    </FxCompile>
    <FxCompile Include="SkyboxSpecular_PS.hlsl">
      <Filter>Source Files\Shaders</Filter>
    </FxCompile>
  </ItemGroup>
  <ItemGroup>
    <Image Include="src\icon.ico">
      <Filter>Resource Files</Filter>
    </Image>
    <Image Include="src\Assets\TemplateGrid_albedo.bmp">
      <Filter>Resource Files</Filter>
    </Image>
    <Image Include="src\Assets\TemplateGrid_normal.bmp">
      <Filter>Resource Files</Filter>
    </Image>
    <Image Include="src\Assets\Light.png">
      <Filter>Resource Files</Filter>
    </Image>
    <Image Include="src\Assets\Terrain.bmp">
      <Filter>Resource Files</Filter>
    </Image>
    <Image Include="src\assets\bitmap5.bmp">
      <Filter>Resource Files</Filter>
    </Image>
    <Image Include="src\Assets\Light.png">
      <Filter>Resource Files</Filter>
    </Image>
    <Image Include="src\Assets\Light.bmp">
      <Filter>Resource Files</Filter>
    </Image>
    <Image Include="src\bitmap1.bmp">
      <Filter>Resource Files</Filter>
    </Image>
  </ItemGroup>
  <ItemGroup>
    <ResourceCompile Include="Engine.rc">
      <Filter>Resource Files</Filter>
    </ResourceCompile>
  </ItemGroup>
</Project>